
Microsoft Visual Studio Solution File, Format Version 12.00
Project("{FAE04EC0-301F-11D3-BF4B-00C04F79EFBC}") = "MainServer", "MainServer\MainServer.csproj", "{A32B2F89-7351-4FD3-8A76-F1A53BAEA357}"
EndProject
Project("{FAE04EC0-301F-11D3-BF4B-00C04F79EFBC}") = "Shared", "Shared\Shared.csproj", "{CAC385E8-C616-487B-B1AA-A7EE6D3D8922}"
EndProject
Global
	GlobalSection(SolutionConfigurationPlatforms) = preSolution
		Debug|Any CPU = Debug|Any CPU
		Release|Any CPU = Release|Any CPU
	EndGlobalSection
	GlobalSection(ProjectConfigurationPlatforms) = postSolution
		{A32B2F89-7351-4FD3-8A76-F1A53BAEA357}.Debug|Any CPU.ActiveCfg = Debug|Any CPU
		{A32B2F89-7351-4FD3-8A76-F1A53BAEA357}.Debug|Any CPU.Build.0 = Debug|Any CPU
		{A32B2F89-7351-4FD3-8A76-F1A53BAEA357}.Release|Any CPU.ActiveCfg = Release|Any CPU
		{A32B2F89-7351-4FD3-8A76-F1A53BAEA357}.Release|Any CPU.Build.0 = Release|Any CPU
		{CAC385E8-C616-487B-B1AA-A7EE6D3D8922}.Debug|Any CPU.ActiveCfg = Debug|Any CPU
		{CAC385E8-C616-487B-B1AA-A7EE6D3D8922}.Debug|Any CPU.Build.0 = Debug|Any CPU
		{CAC385E8-C616-487B-B1AA-A7EE6D3D8922}.Release|Any CPU.ActiveCfg = Release|Any CPU
		{CAC385E8-C616-487B-B1AA-A7EE6D3D8922}.Release|Any CPU.Build.0 = Release|Any CPU
	EndGlobalSection
EndGlobal
